<?xml version="1.0" encoding="utf-8"?>
<Project ToolsVersion="4.0" xmlns="http://schemas.microsoft.com/developer/msbuild/2003">
  <ItemGroup>
    <Filter Include="Source Files">
      <UniqueIdentifier>{4FC737F1-C7A5-4376-A066-2A32D752A2FF}</UniqueIdentifier>
      <Extensions>cpp;c;cc;cxx;c++;cppm;ixx;def;odl;idl;hpj;bat;asm;asmx</Extensions>
    </Filter>
    <Filter Include="Header Files">
      <UniqueIdentifier>{93995380-89BD-4b04-88EB-625FBE52EBFB}</UniqueIdentifier>
      <Extensions>h;hh;hpp;hxx;h++;hm;inl;inc;ipp;xsd</Extensions>
    </Filter>
    <Filter Include="Resource Files">
      <UniqueIdentifier>{67DA6AB6-F800-4c08-8B7A-83BB121AAD01}</UniqueIdentifier>
      <Extensions>rc;ico;cur;bmp;dlg;rc2;rct;bin;rgs;gif;jpg;jpeg;jpe;resx;tiff;tif;png;wav;mfcribbon-ms</Extensions>
    </Filter>
    <Filter Include="Source Files\Game">
      <UniqueIdentifier>{3fa850d1-86b5-4b06-a693-263f40703d30}</UniqueIdentifier>
    </Filter>
    <Filter Include="Source Files\Game\Debug">
      <UniqueIdentifier>{c95fb945-0497-4ca9-8e2a-f91df1331c08}</UniqueIdentifier>
    </Filter>
    <Filter Include="Source Files\Game\Entities">
      <UniqueIdentifier>{8223b471-0934-4597-b0f2-693bbb8acab6}</UniqueIdentifier>
    </Filter>
    <Filter Include="Source Files\Game\Math">
      <UniqueIdentifier>{1d358f22-fd1b-416a-964a-f71caafee296}</UniqueIdentifier>
    </Filter>
    <Filter Include="Source Files\Game\Objects">
      <UniqueIdentifier>{b58fdedf-8c67-4d4a-9e93-151ec500870b}</UniqueIdentifier>
    </Filter>
    <Filter Include="Source Files\Game\Player">
      <UniqueIdentifier>{001b0345-a2ef-489d-8483-45cf0940127f}</UniqueIdentifier>
    </Filter>
    <Filter Include="Source Files\Game\Rendering">
      <UniqueIdentifier>{71995a9d-0b3b-47ab-a781-ebfba087d6b5}</UniqueIdentifier>
    </Filter>
    <Filter Include="Source Files\MainMenu">
      <UniqueIdentifier>{33c80f7c-142e-403a-a179-2c3a462fc0d1}</UniqueIdentifier>
    </Filter>
    <Filter Include="Source Files\Game\SpaceShips">
      <UniqueIdentifier>{8697e410-dd45-44a2-9064-595931f35014}</UniqueIdentifier>
    </Filter>
    <Filter Include="Source Files\ShipEditor">
      <UniqueIdentifier>{2a20e599-f54b-440c-9b9b-da86b1fb1420}</UniqueIdentifier>
    </Filter>
    <Filter Include="Imported">
      <UniqueIdentifier>{c6f9646f-dd78-4ea1-b1de-f6698a3a270c}</UniqueIdentifier>
    </Filter>
    <Filter Include="Source Files\GUI">
      <UniqueIdentifier>{d98990cd-c8e0-44f3-89da-36e58991a3cd}</UniqueIdentifier>
    </Filter>
    <Filter Include="Source Files\GUI\Components">
      <UniqueIdentifier>{f11b1e37-6987-4d1e-aff0-cd94f8f2656d}</UniqueIdentifier>
    </Filter>
    <Filter Include="Source Files\GUI\Fonts">
      <UniqueIdentifier>{837aa871-6f3a-4a54-a85d-e44a03443fb4}</UniqueIdentifier>
    </Filter>
    <Filter Include="Source Files\Update">
      <UniqueIdentifier>{cfb979de-f92b-49c2-ba85-0f3b75f0e545}</UniqueIdentifier>
    </Filter>
  </ItemGroup>
  <ItemGroup>
    <ClCompile Include="Spaceships.cpp">
      <Filter>Source Files</Filter>
    </ClCompile>
    <ClCompile Include="MainMenu.cpp">
      <Filter>Source Files\MainMenu</Filter>
    </ClCompile>
    <ClCompile Include="Game.cpp">
      <Filter>Source Files\Game</Filter>
    </ClCompile>
    <ClCompile Include="CargoContainer.cpp">
      <Filter>Source Files\Game\Objects</Filter>
    </ClCompile>
    <ClCompile Include="Sphere.cpp">
      <Filter>Source Files\Game\Objects</Filter>
    </ClCompile>
    <ClCompile Include="ShipEditor.cpp">
      <Filter>Source Files\ShipEditor</Filter>
    </ClCompile>
    <ClCompile Include="SaveAndLoadShips.cpp">
      <Filter>Source Files\ShipEditor</Filter>
    </ClCompile>
    <ClCompile Include="SpaceShip.cpp">
      <Filter>Source Files\Game\SpaceShips</Filter>
    </ClCompile>
    <ClCompile Include="SpaceShipBlueprint.cpp">
      <Filter>Source Files\Game\SpaceShips</Filter>
    </ClCompile>
    <ClCompile Include="tinyfiledialogs.cpp">
      <Filter>Imported</Filter>
    </ClCompile>
    <ClCompile Include="ShipBuildingGrid.cpp">
      <Filter>Source Files\ShipEditor</Filter>
    </ClCompile>
    <ClCompile Include="GUIRect.cpp">
      <Filter>Source Files\GUI</Filter>
    </ClCompile>
    <ClCompile Include="BindableProperty.cpp">
      <Filter>Source Files\GUI</Filter>
    </ClCompile>
    <ClCompile Include="GUIList.cpp">
      <Filter>Source Files\GUI\Components</Filter>
    </ClCompile>
    <ClCompile Include="fonts.cpp">
      <Filter>Source Files\GUI\Fonts</Filter>
    </ClCompile>
  </ItemGroup>
  <ItemGroup>
    <ClInclude Include="CargoContainer.h">
      <Filter>Source Files\Game\Objects</Filter>
    </ClInclude>
    <ClInclude Include="DebugGrid.h">
      <Filter>Source Files\Game\Debug</Filter>
    </ClInclude>
    <ClInclude Include="Sphere.h">
      <Filter>Source Files\Game\Objects</Filter>
    </ClInclude>
    <ClInclude Include="RoundEntity.h">
      <Filter>Source Files\Game\Entities</Filter>
    </ClInclude>
    <ClInclude Include="Entity.h">
      <Filter>Source Files\Game\Entities</Filter>
    </ClInclude>
    <ClInclude Include="BoxEntity.h">
      <Filter>Source Files\Game\Entities</Filter>
    </ClInclude>
    <ClInclude Include="Vectors.h">
      <Filter>Source Files\Game\Math</Filter>
    </ClInclude>
    <ClInclude Include="MainMenu.h">
      <Filter>Source Files\MainMenu</Filter>
    </ClInclude>
    <ClInclude Include="Game.h">
      <Filter>Source Files\Game</Filter>
    </ClInclude>
    <ClInclude Include="MenuNavigation.h">
      <Filter>Source Files\MainMenu</Filter>
    </ClInclude>
    <ClInclude Include="ShipEditor.h">
      <Filter>Source Files\ShipEditor</Filter>
    </ClInclude>
    <ClInclude Include="FreeCamera.h">
      <Filter>Source Files\ShipEditor</Filter>
    </ClInclude>
    <ClInclude Include="SaveAndLoadShips.h">
      <Filter>Source Files\ShipEditor</Filter>
    </ClInclude>
    <ClInclude Include="SpaceShip.h">
      <Filter>Source Files\Game\SpaceShips</Filter>
    </ClInclude>
    <ClInclude Include="tinyfiledialogs.h">
      <Filter>Imported</Filter>
    </ClInclude>
    <ClInclude Include="SpaceShipBlueprint.h">
      <Filter>Source Files\Game\SpaceShips</Filter>
    </ClInclude>
    <ClInclude Include="json.hpp">
      <Filter>Imported</Filter>
    </ClInclude>
    <ClInclude Include="ShipBuildingGrid.h">
      <Filter>Source Files\ShipEditor</Filter>
    </ClInclude>
    <ClInclude Include="Rendering.h">
      <Filter>Source Files\Game\Rendering</Filter>
    </ClInclude>
    <ClInclude Include="Room.h">
      <Filter>Source Files\Game\SpaceShips</Filter>
    </ClInclude>
    <ClInclude Include="Player.h">
      <Filter>Source Files\Game\Player</Filter>
    </ClInclude>
    <ClInclude Include="Camera.h">
      <Filter>Source Files\Game\Rendering</Filter>
    </ClInclude>
    <ClInclude Include="GUI.h">
      <Filter>Source Files\GUI</Filter>
    </ClInclude>
    <ClInclude Include="GUIRect.h">
      <Filter>Source Files\GUI</Filter>
    </ClInclude>
    <ClInclude Include="GUIList.h">
      <Filter>Source Files\GUI\Components</Filter>
    </ClInclude>
    <ClInclude Include="fonts.h">
      <Filter>Source Files\GUI\Fonts</Filter>
    </ClInclude>
    <ClInclude Include="Update.h">
      <Filter>Source Files\Update</Filter>
    </ClInclude>
  </ItemGroup>
</Project>